// !$*UTF8*$!
{
	archiveVersion = 1;
	classes = {
	};
	objectVersion = 48;
	objects = {

/* Begin PBXBuildFile section */
		186F49E31F06836A00F71861 /* RSAFormatter.m in Sources */ = {isa = PBXBuildFile; fileRef = 186F49E21F06836A00F71861 /* RSAFormatter.m */; };
		BF40FFDB1F05EC9000DC4E95 /* RNRSA.m in Sources */ = {isa = PBXBuildFile; fileRef = BF40FFD71F05EC9000DC4E95 /* RNRSA.m */; };
		BF40FFDC1F05EC9000DC4E95 /* RSANative.m in Sources */ = {isa = PBXBuildFile; fileRef = BF40FFDA1F05EC9000DC4E95 /* RSANative.m */; };
		BFCDFE2A1F694B870016F50C /* RSANative.h in Copy Headers */ = {isa = PBXBuildFile; fileRef = BF40FFD91F05EC9000DC4E95 /* RSANative.h */; };
		BFCDFE2B1F694B890016F50C /* RSAFormatter.h in Copy Headers */ = {isa = PBXBuildFile; fileRef = 186F49E11F06836A00F71861 /* RSAFormatter.h */; };
/* End PBXBuildFile section */

/* Begin PBXCopyFilesBuildPhase section */
		BF40FFBB1F05EC4000DC4E95 /* Copy Headers */ = {
			isa = PBXCopyFilesBuildPhase;
			buildActionMask = 2147483647;
			dstPath = "include/$(PRODUCT_NAME)";
			dstSubfolderSpec = 16;
			files = (
				BFCDFE2B1F694B890016F50C /* RSAFormatter.h in Copy Headers */,
				BFCDFE2A1F694B870016F50C /* RSANative.h in Copy Headers */,
			);
			name = "Copy Headers";
			runOnlyForDeploymentPostprocessing = 0;
		};
/* End PBXCopyFilesBuildPhase section */

/* Begin PBXFileReference section */
		186F49E11F06836A00F71861 /* RSAFormatter.h */ = {isa = PBXFileReference; fileEncoding = 4; lastKnownFileType = sourcecode.c.h; path = RSAFormatter.h; sourceTree = "<group>"; };
		186F49E21F06836A00F71861 /* RSAFormatter.m */ = {isa = PBXFileReference; fileEncoding = 4; lastKnownFileType = sourcecode.c.objc; path = RSAFormatter.m; sourceTree = "<group>"; };
		BF40FFBD1F05EC4000DC4E95 /* libRNRSA.a */ = {isa = PBXFileReference; explicitFileType = archive.ar; includeInIndex = 0; path = libRNRSA.a; sourceTree = BUILT_PRODUCTS_DIR; };
		BF40FFD71F05EC9000DC4E95 /* RNRSA.m */ = {isa = PBXFileReference; fileEncoding = 4; lastKnownFileType = sourcecode.c.objc; path = RNRSA.m; sourceTree = "<group>"; };
		BF40FFD81F05EC9000DC4E95 /* RNRSA.h */ = {isa = PBXFileReference; fileEncoding = 4; lastKnownFileType = sourcecode.c.h; path = RNRSA.h; sourceTree = "<group>"; };
		BF40FFD91F05EC9000DC4E95 /* RSANative.h */ = {isa = PBXFileReference; fileEncoding = 4; lastKnownFileType = sourcecode.c.h; path = RSANative.h; sourceTree = "<group>"; };
		BF40FFDA1F05EC9000DC4E95 /* RSANative.m */ = {isa = PBXFileReference; fileEncoding = 4; lastKnownFileType = sourcecode.c.objc; path = RSANative.m; sourceTree = "<group>"; };
/* End PBXFileReference section */

/* Begin PBXFrameworksBuildPhase section */
		BF40FFBA1F05EC4000DC4E95 /* Frameworks */ = {
			isa = PBXFrameworksBuildPhase;
			buildActionMask = 2147483647;
			files = (
			);
			runOnlyForDeploymentPostprocessing = 0;
		};
/* End PBXFrameworksBuildPhase section */

/* Begin PBXGroup section */
		BF40FFB41F05EC4000DC4E95 = {
			isa = PBXGroup;
			children = (
				186F49E11F06836A00F71861 /* RSAFormatter.h */,
				186F49E21F06836A00F71861 /* RSAFormatter.m */,
				BF40FFD81F05EC9000DC4E95 /* RNRSA.h */,
				BF40FFD71F05EC9000DC4E95 /* RNRSA.m */,
				BF40FFD91F05EC9000DC4E95 /* RSANative.h */,
				BF40FFDA1F05EC9000DC4E95 /* RSANative.m */,
				BF40FFBE1F05EC4000DC4E95 /* Products */,
			);
			sourceTree = "<group>";
		};
		BF40FFBE1F05EC4000DC4E95 /* Products */ = {
			isa = PBXGroup;
			children = (
				BF40FFBD1F05EC4000DC4E95 /* libRNRSA.a */,
			);
			name = Products;
			sourceTree = "<group>";
		};
/* End PBXGroup section */

/* Begin PBXNativeTarget section */
		BF40FFBC1F05EC4000DC4E95 /* RNRSA */ = {
			isa = PBXNativeTarget;
			buildConfigurationList = BF40FFC61F05EC4000DC4E95 /* Build configuration list for PBXNativeTarget "RNRSA" */;
			buildPhases = (
				BF40FFB91F05EC4000DC4E95 /* Sources */,
				BF40FFBA1F05EC4000DC4E95 /* Frameworks */,
				BF40FFBB1F05EC4000DC4E95 /* Copy Headers */,
			);
			buildRules = (
			);
			dependencies = (
			);
			name = RNRSA;
			productName = RNRSA;
			productReference = BF40FFBD1F05EC4000DC4E95 /* libRNRSA.a */;
			productType = "com.apple.product-type.library.static";
		};
/* End PBXNativeTarget section */

/* Begin PBXProject section */
		BF40FFB51F05EC4000DC4E95 /* Project object */ = {
			isa = PBXProject;
			attributes = {
				LastUpgradeCheck = 0900;
				ORGANIZATIONNAME = RNRSA;
				TargetAttributes = {
					BF40FFBC1F05EC4000DC4E95 = {
						CreatedOnToolsVersion = 9.0;
					};
				};
			};
			buildConfigurationList = BF40FFB81F05EC4000DC4E95 /* Build configuration list for PBXProject "RNRSA" */;
			compatibilityVersion = "Xcode 8.0";
			developmentRegion = en;
			hasScannedForEncodings = 0;
			knownRegions = (
				en,
			);
			mainGroup = BF40FFB41F05EC4000DC4E95;
			productRefGroup = BF40FFBE1F05EC4000DC4E95 /* Products */;
			projectDirPath = "";
			projectRoot = "";
			targets = (
				BF40FFBC1F05EC4000DC4E95 /* RNRSA */,
			);
		};
/* End PBXProject section */

/* Begin PBXSourcesBuildPhase section */
		BF40FFB91F05EC4000DC4E95 /* Sources */ = {
			isa = PBXSourcesBuildPhase;
			buildActionMask = 2147483647;
			files = (
				BF40FFDB1F05EC9000DC4E95 /* RNRSA.m in Sources */,
				BF40FFDC1F05EC9000DC4E95 /* RSANative.m in Sources */,
				186F49E31F06836A00F71861 /* RSAFormatter.m in Sources */,
			);
			runOnlyForDeploymentPostprocessing = 0;
		};
/* End PBXSourcesBuildPhase section */

/* Begin XCBuildConfiguration section */
		BF40FFC41F05EC4000DC4E95 /* Debug */ = {
			isa = XCBuildConfiguration;
			buildSettings = {
				ALWAYS_SEARCH_USER_PATHS = NO;
				CLANG_ANALYZER_NONNULL = YES;
				CLANG_ANALYZER_NUMBER_OBJECT_CONVERSION = YES_AGGRESSIVE;
				CLANG_CXX_LANGUAGE_STANDARD = "gnu++14";
				CLANG_CXX_LIBRARY = "libc++";
				CLANG_ENABLE_MODULES = YES;
				CLANG_ENABLE_OBJC_ARC = YES;
				CLANG_WARN_BLOCK_CAPTURE_AUTORELEASING = YES;
				CLANG_WARN_BOOL_CONVERSION = YES;
				CLANG_WARN_COMMA = YES;
				CLANG_WARN_CONSTANT_CONVERSION = YES;
				CLANG_WARN_DIRECT_OBJC_ISA_USAGE = YES_ERROR;
				CLANG_WARN_DOCUMENTATION_COMMENTS = YES;
				CLANG_WARN_EMPTY_BODY = YES;
				CLANG_WARN_ENUM_CONVERSION = YES;
				CLANG_WARN_INFINITE_RECURSION = YES;
				CLANG_WARN_INT_CONVERSION = YES;
				CLANG_WARN_OBJC_ROOT_CLASS = YES_ERROR;
				CLANG_WARN_RANGE_LOOP_ANALYSIS = YES;
				CLANG_WARN_STRICT_PROTOTYPES = YES;
				CLANG_WARN_SUSPICIOUS_MOVE = YES;
				CLANG_WARN_UNGUARDED_AVAILABILITY = YES_AGGRESSIVE;
				CLANG_WARN_UNREACHABLE_CODE = YES;
				CLANG_WARN__DUPLICATE_METHOD_MATCH = YES;
				CODE_SIGN_IDENTITY = "iPhone Developer";
				COPY_PHASE_STRIP = NO;
				DEBUG_INFORMATION_FORMAT = dwarf;
				ENABLE_STRICT_OBJC_MSGSEND = YES;
				ENABLE_TESTABILITY = YES;
				GCC_C_LANGUAGE_STANDARD = gnu11;
				GCC_DYNAMIC_NO_PIC = NO;
				GCC_NO_COMMON_BLOCKS = YES;
				GCC_OPTIMIZATION_LEVEL = 0;
				GCC_PREPROCESSOR_DEFINITIONS = (
					"DEBUG=1",
					"$(inherited)",
				);
				GCC_WARN_64_TO_32_BIT_CONVERSION = YES;
				GCC_WARN_ABOUT_RETURN_TYPE = YES_ERROR;
				GCC_WARN_UNDECLARED_SELECTOR = YES;
				GCC_WARN_UNINITIALIZED_AUTOS = YES_AGGRESSIVE;
				GCC_WARN_UNUSED_FUNCTION = YES;
				GCC_WARN_UNUSED_VARIABLE = YES;
				IPHONEOS_DEPLOYMENT_TARGET = 10.3;
				MTL_ENABLE_DEBUG_INFO = YES;
				ONLY_ACTIVE_ARCH = YES;
				SDKROOT = iphoneos;
			};
			name = Debug;
		};
		BF40FFC51F05EC4000DC4E95 /* Release */ = {
			isa = XCBuildConfiguration;
			buildSettings = {
				ALWAYS_SEARCH_USER_PATHS = NO;
				CLANG_ANALYZER_NONNULL = YES;
				CLANG_ANALYZER_NUMBER_OBJECT_CONVERSION = YES_AGGRESSIVE;
				CLANG_CXX_LANGUAGE_STANDARD = "gnu++14";
				CLANG_CXX_LIBRARY = "libc++";
				CLANG_ENABLE_MODULES = YES;
				CLANG_ENABLE_OBJC_ARC = YES;
				CLANG_WARN_BLOCK_CAPTURE_AUTORELEASING = YES;
				CLANG_WARN_BOOL_CONVERSION = YES;
				CLANG_WARN_COMMA = YES;
				CLANG_WARN_CONSTANT_CONVERSION = YES;
				CLANG_WARN_DIRECT_OBJC_ISA_USAGE = YES_ERROR;
				CLANG_WARN_DOCUMENTATION_COMMENTS = YES;
				CLANG_WARN_EMPTY_BODY = YES;
				CLANG_WARN_ENUM_CONVERSION = YES;
				CLANG_WARN_INFINITE_RECURSION = YES;
				CLANG_WARN_INT_CONVERSION = YES;
				CLANG_WARN_OBJC_ROOT_CLASS = YES_ERROR;
				CLANG_WARN_RANGE_LOOP_ANALYSIS = YES;
				CLANG_WARN_STRICT_PROTOTYPES = YES;
				CLANG_WARN_SUSPICIOUS_MOVE = YES;
				CLANG_WARN_UNGUARDED_AVAILABILITY = YES_AGGRESSIVE;
				CLANG_WARN_UNREACHABLE_CODE = YES;
				CLANG_WARN__DUPLICATE_METHOD_MATCH = YES;
				CODE_SIGN_IDENTITY = "iPhone Developer";
				COPY_PHASE_STRIP = NO;
				DEBUG_INFORMATION_FORMAT = "dwarf-with-dsym";
				ENABLE_NS_ASSERTIONS = NO;
				ENABLE_STRICT_OBJC_MSGSEND = YES;
				GCC_C_LANGUAGE_STANDARD = gnu11;
				GCC_NO_COMMON_BLOCKS = YES;
				GCC_WARN_64_TO_32_BIT_CONVERSION = YES;
				GCC_WARN_ABOUT_RETURN_TYPE = YES_ERROR;
				GCC_WARN_UNDECLARED_SELECTOR = YES;
				GCC_WARN_UNINITIALIZED_AUTOS = YES_AGGRESSIVE;
				GCC_WARN_UNUSED_FUNCTION = YES;
				GCC_WARN_UNUSED_VARIABLE = YES;
				IPHONEOS_DEPLOYMENT_TARGET = 10.3;
				MTL_ENABLE_DEBUG_INFO = NO;
				SDKROOT = iphoneos;
				VALIDATE_PRODUCT = YES;
			};
			name = Release;
		};
		BF40FFC71F05EC4000DC4E95 /* Debug */ = {
			isa = XCBuildConfiguration;
			buildSettings = {
				OTHER_LDFLAGS = "-ObjC";
				PRODUCT_NAME = "$(TARGET_NAME)";
				SKIP_INSTALL = YES;
				TARGETED_DEVICE_FAMILY = "1,2";
			};
			name = Debug;
		};
		BF40FFC81F05EC4000DC4E95 /* Release */ = {
			isa = XCBuildConfiguration;
			buildSettings = {
				OTHER_LDFLAGS = "-ObjC";
				PRODUCT_NAME = "$(TARGET_NAME)";
				SKIP_INSTALL = YES;
				TARGETED_DEVICE_FAMILY = "1,2";
			};
			name = Release;
		};
/* End XCBuildConfiguration section */

/* Begin XCConfigurationList section */
		BF40FFB81F05EC4000DC4E95 /* Build configuration list for PBXProject "RNRSA" */ = {
			isa = XCConfigurationList;
			buildConfigurations = (
				BF40FFC41F05EC4000DC4E95 /* Debug */,
				BF40FFC51F05EC4000DC4E95 /* Release */,
			);
			defaultConfigurationIsVisible = 0;
			defaultConfigurationName = Release;
		};
		BF40FFC61F05EC4000DC4E95 /* Build configuration list for PBXNativeTarget "RNRSA" */ = {
			isa = XCConfigurationList;
			buildConfigurations = (
				BF40FFC71F05EC4000DC4E95 /* Debug */,
				BF40FFC81F05EC4000DC4E95 /* Release */,
			);
			defaultConfigurationIsVisible = 0;
			defaultConfigurationName = Release;
		};
/* End XCConfigurationList section */
	};
	rootObject = BF40FFB51F05EC4000DC4E95 /* Project object */;
}
